
Microsoft Visual Studio Solution File, Format Version 12.00
# Visual Studio Version 17
VisualStudioVersion = 17.14.36623.8 d17.14
MinimumVisualStudioVersion = 10.0.40219.1
Project("{FAE04EC0-301F-11D3-BF4B-00C04F79EFBC}") = "FinTrack", "FinTrack\FinTrack.csproj", "{EF9AFFAD-0B00-4D79-8362-F73E8C4CFF61}"
EndProject
Global
	GlobalSection(SolutionConfigurationPlatforms) = preSolution
		Debug|Any CPU = Debug|Any CPU
		Release|Any CPU = Release|Any CPU
	EndGlobalSection
	GlobalSection(ProjectConfigurationPlatforms) = postSolution
		{EF9AFFAD-0B00-4D79-8362-F73E8C4CFF61}.Debug|Any CPU.ActiveCfg = Debug|Any CPU
		{EF9AFFAD-0B00-4D79-8362-F73E8C4CFF61}.Debug|Any CPU.Build.0 = Debug|Any CPU
		{EF9AFFAD-0B00-4D79-8362-F73E8C4CFF61}.Release|Any CPU.ActiveCfg = Release|Any CPU
		{EF9AFFAD-0B00-4D79-8362-F73E8C4CFF61}.Release|Any CPU.Build.0 = Release|Any CPU
	EndGlobalSection
	GlobalSection(SolutionProperties) = preSolution
		HideSolutionNode = FALSE
	EndGlobalSection
	GlobalSection(ExtensibilityGlobals) = postSolution
		SolutionGuid = {9262205F-2BD4-4286-AA0A-A0E0E8E59893}
	EndGlobalSection
EndGlobal
